
Microsoft Visual Studio Solution File, Format Version 12.00
# Visual Studio Version 17
VisualStudioVersion = 17.10.35027.167
MinimumVisualStudioVersion = 10.0.40219.1
Project("{FAE04EC0-301F-11D3-BF4B-00C04F79EFBC}") = "MouseMischief", "MouseMischief.csproj", "{56E48EC7-80AA-4BF0-A10C-FED8D5320AA5}"
EndProject
Global
	GlobalSection(SolutionConfigurationPlatforms) = preSolution
		Debug|Any CPU = Debug|Any CPU
		Release|Any CPU = Release|Any CPU
	EndGlobalSection
	GlobalSection(ProjectConfigurationPlatforms) = postSolution
		{56E48EC7-80AA-4BF0-A10C-FED8D5320AA5}.Debug|Any CPU.ActiveCfg = Debug|Any CPU
		{56E48EC7-80AA-4BF0-A10C-FED8D5320AA5}.Debug|Any CPU.Build.0 = Debug|Any CPU
		{56E48EC7-80AA-4BF0-A10C-FED8D5320AA5}.Release|Any CPU.ActiveCfg = Release|Any CPU
		{56E48EC7-80AA-4BF0-A10C-FED8D5320AA5}.Release|Any CPU.Build.0 = Release|Any CPU
	EndGlobalSection
	GlobalSection(SolutionProperties) = preSolution
		HideSolutionNode = FALSE
	EndGlobalSection
	GlobalSection(ExtensibilityGlobals) = postSolution
		SolutionGuid = {EE9E0BC9-1990-4876-846D-86546C1212C7}
	EndGlobalSection
EndGlobal
